
Microsoft Visual Studio Solution File, Format Version 12.00
# Visual Studio Version 17
VisualStudioVersion = 17.14.37111.16 d17.14
MinimumVisualStudioVersion = 10.0.40219.1
Project("{FAE04EC0-301F-11D3-BF4B-00C04F79EFBC}") = "UralSibApp", "UralSibApp\UralSibApp.csproj", "{6E2DC44E-0904-435D-A6EC-0B610795FC54}"
EndProject
Global
	GlobalSection(SolutionConfigurationPlatforms) = preSolution
		Debug|Any CPU = Debug|Any CPU
		Release|Any CPU = Release|Any CPU
	EndGlobalSection
	GlobalSection(ProjectConfigurationPlatforms) = postSolution
		{6E2DC44E-0904-435D-A6EC-0B610795FC54}.Debug|Any CPU.ActiveCfg = Debug|Any CPU
		{6E2DC44E-0904-435D-A6EC-0B610795FC54}.Debug|Any CPU.Build.0 = Debug|Any CPU
		{6E2DC44E-0904-435D-A6EC-0B610795FC54}.Release|Any CPU.ActiveCfg = Release|Any CPU
		{6E2DC44E-0904-435D-A6EC-0B610795FC54}.Release|Any CPU.Build.0 = Release|Any CPU
	EndGlobalSection
	GlobalSection(SolutionProperties) = preSolution
		HideSolutionNode = FALSE
	EndGlobalSection
	GlobalSection(ExtensibilityGlobals) = postSolution
		SolutionGuid = {E6315EC5-FDDC-4407-A5C5-C4CA766EEF5F}
	EndGlobalSection
EndGlobal
